// !$*UTF8*$!
{
	archiveVersion = 1;
	classes = {
	};
	objectVersion = 50;
	objects = {

/* Begin PBXBuildFile section */
		F77B778626AEF7E8000A5205 /* AppDelegate.swift in Sources */ = {isa = PBXBuildFile; fileRef = F77B778526AEF7E8000A5205 /* AppDelegate.swift */; };
		F77B778826AEF7E8000A5205 /* SceneDelegate.swift in Sources */ = {isa = PBXBuildFile; fileRef = F77B778726AEF7E8000A5205 /* SceneDelegate.swift */; };
		F77B778A26AEF7E8000A5205 /* ViewController.swift in Sources */ = {isa = PBXBuildFile; fileRef = F77B778926AEF7E8000A5205 /* ViewController.swift */; };
		F77B778D26AEF7E8000A5205 /* Main.storyboard in Resources */ = {isa = PBXBuildFile; fileRef = F77B778B26AEF7E8000A5205 /* Main.storyboard */; };
		F77B778F26AEF7E9000A5205 /* Assets.xcassets in Resources */ = {isa = PBXBuildFile; fileRef = F77B778E26AEF7E9000A5205 /* Assets.xcassets */; };
		F77B779226AEF7E9000A5205 /* LaunchScreen.storyboard in Resources */ = {isa = PBXBuildFile; fileRef = F77B779026AEF7E9000A5205 /* LaunchScreen.storyboard */; };
		F77B779A26AEFA08000A5205 /* AddViewController.swift in Sources */ = {isa = PBXBuildFile; fileRef = F77B779926AEFA08000A5205 /* AddViewController.swift */; };
		F77B779C26AEFA22000A5205 /* DetailViewController.swift in Sources */ = {isa = PBXBuildFile; fileRef = F77B779B26AEFA22000A5205 /* DetailViewController.swift */; };
		F77B779E26AEFA5E000A5205 /* CollectionViewCell.swift in Sources */ = {isa = PBXBuildFile; fileRef = F77B779D26AEFA5E000A5205 /* CollectionViewCell.swift */; };
/* End PBXBuildFile section */

/* Begin PBXFileReference section */
		F77B778226AEF7E8000A5205 /* 0726_CollectionView_Label.app */ = {isa = PBXFileReference; explicitFileType = wrapper.application; includeInIndex = 0; path = 0726_CollectionView_Label.app; sourceTree = BUILT_PRODUCTS_DIR; };
		F77B778526AEF7E8000A5205 /* AppDelegate.swift */ = {isa = PBXFileReference; lastKnownFileType = sourcecode.swift; path = AppDelegate.swift; sourceTree = "<group>"; };
		F77B778726AEF7E8000A5205 /* SceneDelegate.swift */ = {isa = PBXFileReference; lastKnownFileType = sourcecode.swift; path = SceneDelegate.swift; sourceTree = "<group>"; };
		F77B778926AEF7E8000A5205 /* ViewController.swift */ = {isa = PBXFileReference; lastKnownFileType = sourcecode.swift; path = ViewController.swift; sourceTree = "<group>"; };
		F77B778C26AEF7E8000A5205 /* Base */ = {isa = PBXFileReference; lastKnownFileType = file.storyboard; name = Base; path = Base.lproj/Main.storyboard; sourceTree = "<group>"; };
		F77B778E26AEF7E9000A5205 /* Assets.xcassets */ = {isa = PBXFileReference; lastKnownFileType = folder.assetcatalog; path = Assets.xcassets; sourceTree = "<group>"; };
		F77B779126AEF7E9000A5205 /* Base */ = {isa = PBXFileReference; lastKnownFileType = file.storyboard; name = Base; path = Base.lproj/LaunchScreen.storyboard; sourceTree = "<group>"; };
		F77B779326AEF7E9000A5205 /* Info.plist */ = {isa = PBXFileReference; lastKnownFileType = text.plist.xml; path = Info.plist; sourceTree = "<group>"; };
		F77B779926AEFA08000A5205 /* AddViewController.swift */ = {isa = PBXFileReference; lastKnownFileType = sourcecode.swift; path = AddViewController.swift; sourceTree = "<group>"; };
		F77B779B26AEFA22000A5205 /* DetailViewController.swift */ = {isa = PBXFileReference; lastKnownFileType = sourcecode.swift; path = DetailViewController.swift; sourceTree = "<group>"; };
		F77B779D26AEFA5E000A5205 /* CollectionViewCell.swift */ = {isa = PBXFileReference; lastKnownFileType = sourcecode.swift; path = CollectionViewCell.swift; sourceTree = "<group>"; };
/* End PBXFileReference section */

/* Begin PBXFrameworksBuildPhase section */
		F77B777F26AEF7E8000A5205 /* Frameworks */ = {
			isa = PBXFrameworksBuildPhase;
			buildActionMask = 2147483647;
			files = (
			);
			runOnlyForDeploymentPostprocessing = 0;
		};
/* End PBXFrameworksBuildPhase section */

/* Begin PBXGroup section */
		F77B777926AEF7E8000A5205 = {
			isa = PBXGroup;
			children = (
				F77B778426AEF7E8000A5205 /* 0726_CollectionView_Label */,
				F77B778326AEF7E8000A5205 /* Products */,
			);
			sourceTree = "<group>";
		};
		F77B778326AEF7E8000A5205 /* Products */ = {
			isa = PBXGroup;
			children = (
				F77B778226AEF7E8000A5205 /* 0726_CollectionView_Label.app */,
			);
			name = Products;
			sourceTree = "<group>";
		};
		F77B778426AEF7E8000A5205 /* 0726_CollectionView_Label */ = {
			isa = PBXGroup;
			children = (
				F77B778526AEF7E8000A5205 /* AppDelegate.swift */,
				F77B778726AEF7E8000A5205 /* SceneDelegate.swift */,
				F77B778926AEF7E8000A5205 /* ViewController.swift */,
				F77B778B26AEF7E8000A5205 /* Main.storyboard */,
				F77B778E26AEF7E9000A5205 /* Assets.xcassets */,
				F77B779026AEF7E9000A5205 /* LaunchScreen.storyboard */,
				F77B779326AEF7E9000A5205 /* Info.plist */,
				F77B779926AEFA08000A5205 /* AddViewController.swift */,
				F77B779B26AEFA22000A5205 /* DetailViewController.swift */,
				F77B779D26AEFA5E000A5205 /* CollectionViewCell.swift */,
			);
			path = 0726_CollectionView_Label;
			sourceTree = "<group>";
		};
/* End PBXGroup section */

/* Begin PBXNativeTarget section */
		F77B778126AEF7E8000A5205 /* 0726_CollectionView_Label */ = {
			isa = PBXNativeTarget;
			buildConfigurationList = F77B779626AEF7E9000A5205 /* Build configuration list for PBXNativeTarget "0726_CollectionView_Label" */;
			buildPhases = (
				F77B777E26AEF7E8000A5205 /* Sources */,
				F77B777F26AEF7E8000A5205 /* Frameworks */,
				F77B778026AEF7E8000A5205 /* Resources */,
			);
			buildRules = (
			);
			dependencies = (
			);
			name = 0726_CollectionView_Label;
			productName = 0726_CollectionView_Label;
			productReference = F77B778226AEF7E8000A5205 /* 0726_CollectionView_Label.app */;
			productType = "com.apple.product-type.application";
		};
/* End PBXNativeTarget section */

/* Begin PBXProject section */
		F77B777A26AEF7E8000A5205 /* Project object */ = {
			isa = PBXProject;
			attributes = {
				LastSwiftUpdateCheck = 1250;
				LastUpgradeCheck = 1250;
				TargetAttributes = {
					F77B778126AEF7E8000A5205 = {
						CreatedOnToolsVersion = 12.5.1;
					};
				};
			};
			buildConfigurationList = F77B777D26AEF7E8000A5205 /* Build configuration list for PBXProject "0726_CollectionView_Label" */;
			compatibilityVersion = "Xcode 9.3";
			developmentRegion = en;
			hasScannedForEncodings = 0;
			knownRegions = (
				en,
				Base,
			);
			mainGroup = F77B777926AEF7E8000A5205;
			productRefGroup = F77B778326AEF7E8000A5205 /* Products */;
			projectDirPath = "";
			projectRoot = "";
			targets = (
				F77B778126AEF7E8000A5205 /* 0726_CollectionView_Label */,
			);
		};
/* End PBXProject section */

/* Begin PBXResourcesBuildPhase section */
		F77B778026AEF7E8000A5205 /* Resources */ = {
			isa = PBXResourcesBuildPhase;
			buildActionMask = 2147483647;
			files = (
				F77B779226AEF7E9000A5205 /* LaunchScreen.storyboard in Resources */,
				F77B778F26AEF7E9000A5205 /* Assets.xcassets in Resources */,
				F77B778D26AEF7E8000A5205 /* Main.storyboard in Resources */,
			);
			runOnlyForDeploymentPostprocessing = 0;
		};
/* End PBXResourcesBuildPhase section */

/* Begin PBXSourcesBuildPhase section */
		F77B777E26AEF7E8000A5205 /* Sources */ = {
			isa = PBXSourcesBuildPhase;
			buildActionMask = 2147483647;
			files = (
				F77B778A26AEF7E8000A5205 /* ViewController.swift in Sources */,
				F77B778626AEF7E8000A5205 /* AppDelegate.swift in Sources */,
				F77B779E26AEFA5E000A5205 /* CollectionViewCell.swift in Sources */,
				F77B779C26AEFA22000A5205 /* DetailViewController.swift in Sources */,
				F77B779A26AEFA08000A5205 /* AddViewController.swift in Sources */,
				F77B778826AEF7E8000A5205 /* SceneDelegate.swift in Sources */,
			);
			runOnlyForDeploymentPostprocessing = 0;
		};
/* End PBXSourcesBuildPhase section */

/* Begin PBXVariantGroup section */
		F77B778B26AEF7E8000A5205 /* Main.storyboard */ = {
			isa = PBXVariantGroup;
			children = (
				F77B778C26AEF7E8000A5205 /* Base */,
			);
			name = Main.storyboard;
			sourceTree = "<group>";
		};
		F77B779026AEF7E9000A5205 /* LaunchScreen.storyboard */ = {
			isa = PBXVariantGroup;
			children = (
				F77B779126AEF7E9000A5205 /* Base */,
			);
			name = LaunchScreen.storyboard;
			sourceTree = "<group>";
		};
/* End PBXVariantGroup section */

/* Begin XCBuildConfiguration section */
		F77B779426AEF7E9000A5205 /* Debug */ = {
			isa = XCBuildConfiguration;
			buildSettings = {
				ALWAYS_SEARCH_USER_PATHS = NO;
				CLANG_ANALYZER_NONNULL = YES;
				CLANG_ANALYZER_NUMBER_OBJECT_CONVERSION = YES_AGGRESSIVE;
				CLANG_CXX_LANGUAGE_STANDARD = "gnu++14";
				CLANG_CXX_LIBRARY = "libc++";
				CLANG_ENABLE_MODULES = YES;
				CLANG_ENABLE_OBJC_ARC = YES;
				CLANG_ENABLE_OBJC_WEAK = YES;
				CLANG_WARN_BLOCK_CAPTURE_AUTORELEASING = YES;
				CLANG_WARN_BOOL_CONVERSION = YES;
				CLANG_WARN_COMMA = YES;
				CLANG_WARN_CONSTANT_CONVERSION = YES;
				CLANG_WARN_DEPRECATED_OBJC_IMPLEMENTATIONS = YES;
				CLANG_WARN_DIRECT_OBJC_ISA_USAGE = YES_ERROR;
				CLANG_WARN_DOCUMENTATION_COMMENTS = YES;
				CLANG_WARN_EMPTY_BODY = YES;
				CLANG_WARN_ENUM_CONVERSION = YES;
				CLANG_WARN_INFINITE_RECURSION = YES;
				CLANG_WARN_INT_CONVERSION = YES;
				CLANG_WARN_NON_LITERAL_NULL_CONVERSION = YES;
				CLANG_WARN_OBJC_IMPLICIT_RETAIN_SELF = YES;
				CLANG_WARN_OBJC_LITERAL_CONVERSION = YES;
				CLANG_WARN_OBJC_ROOT_CLASS = YES_ERROR;
				CLANG_WARN_QUOTED_INCLUDE_IN_FRAMEWORK_HEADER = YES;
				CLANG_WARN_RANGE_LOOP_ANALYSIS = YES;
				CLANG_WARN_STRICT_PROTOTYPES = YES;
				CLANG_WARN_SUSPICIOUS_MOVE = YES;
				CLANG_WARN_UNGUARDED_AVAILABILITY = YES_AGGRESSIVE;
				CLANG_WARN_UNREACHABLE_CODE = YES;
				CLANG_WARN__DUPLICATE_METHOD_MATCH = YES;
				COPY_PHASE_STRIP = NO;
				DEBUG_INFORMATION_FORMAT = dwarf;
				ENABLE_STRICT_OBJC_MSGSEND = YES;
				ENABLE_TESTABILITY = YES;
				GCC_C_LANGUAGE_STANDARD = gnu11;
				GCC_DYNAMIC_NO_PIC = NO;
				GCC_NO_COMMON_BLOCKS = YES;
				GCC_OPTIMIZATION_LEVEL = 0;
				GCC_PREPROCESSOR_DEFINITIONS = (
					"DEBUG=1",
					"$(inherited)",
				);
				GCC_WARN_64_TO_32_BIT_CONVERSION = YES;
				GCC_WARN_ABOUT_RETURN_TYPE = YES_ERROR;
				GCC_WARN_UNDECLARED_SELECTOR = YES;
				GCC_WARN_UNINITIALIZED_AUTOS = YES_AGGRESSIVE;
				GCC_WARN_UNUSED_FUNCTION = YES;
				GCC_WARN_UNUSED_VARIABLE = YES;
				IPHONEOS_DEPLOYMENT_TARGET = 14.5;
				MTL_ENABLE_DEBUG_INFO = INCLUDE_SOURCE;
				MTL_FAST_MATH = YES;
				ONLY_ACTIVE_ARCH = YES;
				SDKROOT = iphoneos;
				SWIFT_ACTIVE_COMPILATION_CONDITIONS = DEBUG;
				SWIFT_OPTIMIZATION_LEVEL = "-Onone";
			};
			name = Debug;
		};
		F77B779526AEF7E9000A5205 /* Release */ = {
			isa = XCBuildConfiguration;
			buildSettings = {
				ALWAYS_SEARCH_USER_PATHS = NO;
				CLANG_ANALYZER_NONNULL = YES;
				CLANG_ANALYZER_NUMBER_OBJECT_CONVERSION = YES_AGGRESSIVE;
				CLANG_CXX_LANGUAGE_STANDARD = "gnu++14";
				CLANG_CXX_LIBRARY = "libc++";
				CLANG_ENABLE_MODULES = YES;
				CLANG_ENABLE_OBJC_ARC = YES;
				CLANG_ENABLE_OBJC_WEAK = YES;
				CLANG_WARN_BLOCK_CAPTURE_AUTORELEASING = YES;
				CLANG_WARN_BOOL_CONVERSION = YES;
				CLANG_WARN_COMMA = YES;
				CLANG_WARN_CONSTANT_CONVERSION = YES;
				CLANG_WARN_DEPRECATED_OBJC_IMPLEMENTATIONS = YES;
				CLANG_WARN_DIRECT_OBJC_ISA_USAGE = YES_ERROR;
				CLANG_WARN_DOCUMENTATION_COMMENTS = YES;
				CLANG_WARN_EMPTY_BODY = YES;
				CLANG_WARN_ENUM_CONVERSION = YES;
				CLANG_WARN_INFINITE_RECURSION = YES;
				CLANG_WARN_INT_CONVERSION = YES;
				CLANG_WARN_NON_LITERAL_NULL_CONVERSION = YES;
				CLANG_WARN_OBJC_IMPLICIT_RETAIN_SELF = YES;
				CLANG_WARN_OBJC_LITERAL_CONVERSION = YES;
				CLANG_WARN_OBJC_ROOT_CLASS = YES_ERROR;
				CLANG_WARN_QUOTED_INCLUDE_IN_FRAMEWORK_HEADER = YES;
				CLANG_WARN_RANGE_LOOP_ANALYSIS = YES;
				CLANG_WARN_STRICT_PROTOTYPES = YES;
				CLANG_WARN_SUSPICIOUS_MOVE = YES;
				CLANG_WARN_UNGUARDED_AVAILABILITY = YES_AGGRESSIVE;
				CLANG_WARN_UNREACHABLE_CODE = YES;
				CLANG_WARN__DUPLICATE_METHOD_MATCH = YES;
				COPY_PHASE_STRIP = NO;
				DEBUG_INFORMATION_FORMAT = "dwarf-with-dsym";
				ENABLE_NS_ASSERTIONS = NO;
				ENABLE_STRICT_OBJC_MSGSEND = YES;
				GCC_C_LANGUAGE_STANDARD = gnu11;
				GCC_NO_COMMON_BLOCKS = YES;
				GCC_WARN_64_TO_32_BIT_CONVERSION = YES;
				GCC_WARN_ABOUT_RETURN_TYPE = YES_ERROR;
				GCC_WARN_UNDECLARED_SELECTOR = YES;
				GCC_WARN_UNINITIALIZED_AUTOS = YES_AGGRESSIVE;
				GCC_WARN_UNUSED_FUNCTION = YES;
				GCC_WARN_UNUSED_VARIABLE = YES;
				IPHONEOS_DEPLOYMENT_TARGET = 14.5;
				MTL_ENABLE_DEBUG_INFO = NO;
				MTL_FAST_MATH = YES;
				SDKROOT = iphoneos;
				SWIFT_COMPILATION_MODE = wholemodule;
				SWIFT_OPTIMIZATION_LEVEL = "-O";
				VALIDATE_PRODUCT = YES;
			};
			name = Release;
		};
		F77B779726AEF7E9000A5205 /* Debug */ = {
			isa = XCBuildConfiguration;
			buildSettings = {
				ASSETCATALOG_COMPILER_APPICON_NAME = AppIcon;
				ASSETCATALOG_COMPILER_GLOBAL_ACCENT_COLOR_NAME = AccentColor;
				CODE_SIGN_STYLE = Automatic;
				DEVELOPMENT_TEAM = ZLVYAAYF7K;
				INFOPLIST_FILE = 0726_CollectionView_Label/Info.plist;
				IPHONEOS_DEPLOYMENT_TARGET = 14.3;
				LD_RUNPATH_SEARCH_PATHS = (
					"$(inherited)",
					"@executable_path/Frameworks",
				);
				PRODUCT_BUNDLE_IDENTIFIER = "com.swift.-726-CollectionView-Label";
				PRODUCT_NAME = "$(TARGET_NAME)";
				SWIFT_VERSION = 5.0;
				TARGETED_DEVICE_FAMILY = "1,2";
			};
			name = Debug;
		};
		F77B779826AEF7E9000A5205 /* Release */ = {
			isa = XCBuildConfiguration;
			buildSettings = {
				ASSETCATALOG_COMPILER_APPICON_NAME = AppIcon;
				ASSETCATALOG_COMPILER_GLOBAL_ACCENT_COLOR_NAME = AccentColor;
				CODE_SIGN_STYLE = Automatic;
				DEVELOPMENT_TEAM = ZLVYAAYF7K;
				INFOPLIST_FILE = 0726_CollectionView_Label/Info.plist;
				IPHONEOS_DEPLOYMENT_TARGET = 14.3;
				LD_RUNPATH_SEARCH_PATHS = (
					"$(inherited)",
					"@executable_path/Frameworks",
				);
				PRODUCT_BUNDLE_IDENTIFIER = "com.swift.-726-CollectionView-Label";
				PRODUCT_NAME = "$(TARGET_NAME)";
				SWIFT_VERSION = 5.0;
				TARGETED_DEVICE_FAMILY = "1,2";
			};
			name = Release;
		};
/* End XCBuildConfiguration section */

/* Begin XCConfigurationList section */
		F77B777D26AEF7E8000A5205 /* Build configuration list for PBXProject "0726_CollectionView_Label" */ = {
			isa = XCConfigurationList;
			buildConfigurations = (
				F77B779426AEF7E9000A5205 /* Debug */,
				F77B779526AEF7E9000A5205 /* Release */,
			);
			defaultConfigurationIsVisible = 0;
			defaultConfigurationName = Release;
		};
		F77B779626AEF7E9000A5205 /* Build configuration list for PBXNativeTarget "0726_CollectionView_Label" */ = {
			isa = XCConfigurationList;
			buildConfigurations = (
				F77B779726AEF7E9000A5205 /* Debug */,
				F77B779826AEF7E9000A5205 /* Release */,
			);
			defaultConfigurationIsVisible = 0;
			defaultConfigurationName = Release;
		};
/* End XCConfigurationList section */
	};
	rootObject = F77B777A26AEF7E8000A5205 /* Project object */;
}
