// !$*UTF8*$!
{
	archiveVersion = 1;
	classes = {
	};
	objectVersion = 50;
	objects = {

/* Begin PBXBuildFile section */
		F75F3BFB26AE655D008A1515 /* AppDelegate.swift in Sources */ = {isa = PBXBuildFile; fileRef = F75F3BFA26AE655D008A1515 /* AppDelegate.swift */; };
		F75F3BFD26AE655D008A1515 /* SceneDelegate.swift in Sources */ = {isa = PBXBuildFile; fileRef = F75F3BFC26AE655D008A1515 /* SceneDelegate.swift */; };
		F75F3BFF26AE655D008A1515 /* ViewController.swift in Sources */ = {isa = PBXBuildFile; fileRef = F75F3BFE26AE655D008A1515 /* ViewController.swift */; };
		F75F3C0226AE655D008A1515 /* Main.storyboard in Resources */ = {isa = PBXBuildFile; fileRef = F75F3C0026AE655D008A1515 /* Main.storyboard */; };
		F75F3C0426AE655E008A1515 /* Assets.xcassets in Resources */ = {isa = PBXBuildFile; fileRef = F75F3C0326AE655E008A1515 /* Assets.xcassets */; };
		F75F3C0726AE655E008A1515 /* LaunchScreen.storyboard in Resources */ = {isa = PBXBuildFile; fileRef = F75F3C0526AE655E008A1515 /* LaunchScreen.storyboard */; };
		F75F3C0F26AE66F6008A1515 /* DetailViewController.swift in Sources */ = {isa = PBXBuildFile; fileRef = F75F3C0E26AE66F6008A1515 /* DetailViewController.swift */; };
		F75F3C1126AE6708008A1515 /* CollectionViewCell.swift in Sources */ = {isa = PBXBuildFile; fileRef = F75F3C1026AE6708008A1515 /* CollectionViewCell.swift */; };
/* End PBXBuildFile section */

/* Begin PBXFileReference section */
		F75F3BF726AE655D008A1515 /* 0726_CollectionView_Image.app */ = {isa = PBXFileReference; explicitFileType = wrapper.application; includeInIndex = 0; path = 0726_CollectionView_Image.app; sourceTree = BUILT_PRODUCTS_DIR; };
		F75F3BFA26AE655D008A1515 /* AppDelegate.swift */ = {isa = PBXFileReference; lastKnownFileType = sourcecode.swift; path = AppDelegate.swift; sourceTree = "<group>"; };
		F75F3BFC26AE655D008A1515 /* SceneDelegate.swift */ = {isa = PBXFileReference; lastKnownFileType = sourcecode.swift; path = SceneDelegate.swift; sourceTree = "<group>"; };
		F75F3BFE26AE655D008A1515 /* ViewController.swift */ = {isa = PBXFileReference; lastKnownFileType = sourcecode.swift; path = ViewController.swift; sourceTree = "<group>"; };
		F75F3C0126AE655D008A1515 /* Base */ = {isa = PBXFileReference; lastKnownFileType = file.storyboard; name = Base; path = Base.lproj/Main.storyboard; sourceTree = "<group>"; };
		F75F3C0326AE655E008A1515 /* Assets.xcassets */ = {isa = PBXFileReference; lastKnownFileType = folder.assetcatalog; path = Assets.xcassets; sourceTree = "<group>"; };
		F75F3C0626AE655E008A1515 /* Base */ = {isa = PBXFileReference; lastKnownFileType = file.storyboard; name = Base; path = Base.lproj/LaunchScreen.storyboard; sourceTree = "<group>"; };
		F75F3C0826AE655E008A1515 /* Info.plist */ = {isa = PBXFileReference; lastKnownFileType = text.plist.xml; path = Info.plist; sourceTree = "<group>"; };
		F75F3C0E26AE66F6008A1515 /* DetailViewController.swift */ = {isa = PBXFileReference; lastKnownFileType = sourcecode.swift; path = DetailViewController.swift; sourceTree = "<group>"; };
		F75F3C1026AE6708008A1515 /* CollectionViewCell.swift */ = {isa = PBXFileReference; lastKnownFileType = sourcecode.swift; path = CollectionViewCell.swift; sourceTree = "<group>"; };
/* End PBXFileReference section */

/* Begin PBXFrameworksBuildPhase section */
		F75F3BF426AE655D008A1515 /* Frameworks */ = {
			isa = PBXFrameworksBuildPhase;
			buildActionMask = 2147483647;
			files = (
			);
			runOnlyForDeploymentPostprocessing = 0;
		};
/* End PBXFrameworksBuildPhase section */

/* Begin PBXGroup section */
		F75F3BEE26AE655C008A1515 = {
			isa = PBXGroup;
			children = (
				F75F3BF926AE655D008A1515 /* 0726_CollectionView_Image */,
				F75F3BF826AE655D008A1515 /* Products */,
			);
			sourceTree = "<group>";
		};
		F75F3BF826AE655D008A1515 /* Products */ = {
			isa = PBXGroup;
			children = (
				F75F3BF726AE655D008A1515 /* 0726_CollectionView_Image.app */,
			);
			name = Products;
			sourceTree = "<group>";
		};
		F75F3BF926AE655D008A1515 /* 0726_CollectionView_Image */ = {
			isa = PBXGroup;
			children = (
				F75F3BFA26AE655D008A1515 /* AppDelegate.swift */,
				F75F3BFC26AE655D008A1515 /* SceneDelegate.swift */,
				F75F3BFE26AE655D008A1515 /* ViewController.swift */,
				F75F3C0026AE655D008A1515 /* Main.storyboard */,
				F75F3C0326AE655E008A1515 /* Assets.xcassets */,
				F75F3C0526AE655E008A1515 /* LaunchScreen.storyboard */,
				F75F3C0826AE655E008A1515 /* Info.plist */,
				F75F3C0E26AE66F6008A1515 /* DetailViewController.swift */,
				F75F3C1026AE6708008A1515 /* CollectionViewCell.swift */,
			);
			path = 0726_CollectionView_Image;
			sourceTree = "<group>";
		};
/* End PBXGroup section */

/* Begin PBXNativeTarget section */
		F75F3BF626AE655D008A1515 /* 0726_CollectionView_Image */ = {
			isa = PBXNativeTarget;
			buildConfigurationList = F75F3C0B26AE655E008A1515 /* Build configuration list for PBXNativeTarget "0726_CollectionView_Image" */;
			buildPhases = (
				F75F3BF326AE655D008A1515 /* Sources */,
				F75F3BF426AE655D008A1515 /* Frameworks */,
				F75F3BF526AE655D008A1515 /* Resources */,
			);
			buildRules = (
			);
			dependencies = (
			);
			name = 0726_CollectionView_Image;
			productName = 0726_CollectionView_Image;
			productReference = F75F3BF726AE655D008A1515 /* 0726_CollectionView_Image.app */;
			productType = "com.apple.product-type.application";
		};
/* End PBXNativeTarget section */

/* Begin PBXProject section */
		F75F3BEF26AE655C008A1515 /* Project object */ = {
			isa = PBXProject;
			attributes = {
				LastSwiftUpdateCheck = 1250;
				LastUpgradeCheck = 1250;
				TargetAttributes = {
					F75F3BF626AE655D008A1515 = {
						CreatedOnToolsVersion = 12.5.1;
					};
				};
			};
			buildConfigurationList = F75F3BF226AE655C008A1515 /* Build configuration list for PBXProject "0726_CollectionView_Image" */;
			compatibilityVersion = "Xcode 9.3";
			developmentRegion = en;
			hasScannedForEncodings = 0;
			knownRegions = (
				en,
				Base,
			);
			mainGroup = F75F3BEE26AE655C008A1515;
			productRefGroup = F75F3BF826AE655D008A1515 /* Products */;
			projectDirPath = "";
			projectRoot = "";
			targets = (
				F75F3BF626AE655D008A1515 /* 0726_CollectionView_Image */,
			);
		};
/* End PBXProject section */

/* Begin PBXResourcesBuildPhase section */
		F75F3BF526AE655D008A1515 /* Resources */ = {
			isa = PBXResourcesBuildPhase;
			buildActionMask = 2147483647;
			files = (
				F75F3C0726AE655E008A1515 /* LaunchScreen.storyboard in Resources */,
				F75F3C0426AE655E008A1515 /* Assets.xcassets in Resources */,
				F75F3C0226AE655D008A1515 /* Main.storyboard in Resources */,
			);
			runOnlyForDeploymentPostprocessing = 0;
		};
/* End PBXResourcesBuildPhase section */

/* Begin PBXSourcesBuildPhase section */
		F75F3BF326AE655D008A1515 /* Sources */ = {
			isa = PBXSourcesBuildPhase;
			buildActionMask = 2147483647;
			files = (
				F75F3C1126AE6708008A1515 /* CollectionViewCell.swift in Sources */,
				F75F3BFF26AE655D008A1515 /* ViewController.swift in Sources */,
				F75F3BFB26AE655D008A1515 /* AppDelegate.swift in Sources */,
				F75F3BFD26AE655D008A1515 /* SceneDelegate.swift in Sources */,
				F75F3C0F26AE66F6008A1515 /* DetailViewController.swift in Sources */,
			);
			runOnlyForDeploymentPostprocessing = 0;
		};
/* End PBXSourcesBuildPhase section */

/* Begin PBXVariantGroup section */
		F75F3C0026AE655D008A1515 /* Main.storyboard */ = {
			isa = PBXVariantGroup;
			children = (
				F75F3C0126AE655D008A1515 /* Base */,
			);
			name = Main.storyboard;
			sourceTree = "<group>";
		};
		F75F3C0526AE655E008A1515 /* LaunchScreen.storyboard */ = {
			isa = PBXVariantGroup;
			children = (
				F75F3C0626AE655E008A1515 /* Base */,
			);
			name = LaunchScreen.storyboard;
			sourceTree = "<group>";
		};
/* End PBXVariantGroup section */

/* Begin XCBuildConfiguration section */
		F75F3C0926AE655E008A1515 /* Debug */ = {
			isa = XCBuildConfiguration;
			buildSettings = {
				ALWAYS_SEARCH_USER_PATHS = NO;
				CLANG_ANALYZER_NONNULL = YES;
				CLANG_ANALYZER_NUMBER_OBJECT_CONVERSION = YES_AGGRESSIVE;
				CLANG_CXX_LANGUAGE_STANDARD = "gnu++14";
				CLANG_CXX_LIBRARY = "libc++";
				CLANG_ENABLE_MODULES = YES;
				CLANG_ENABLE_OBJC_ARC = YES;
				CLANG_ENABLE_OBJC_WEAK = YES;
				CLANG_WARN_BLOCK_CAPTURE_AUTORELEASING = YES;
				CLANG_WARN_BOOL_CONVERSION = YES;
				CLANG_WARN_COMMA = YES;
				CLANG_WARN_CONSTANT_CONVERSION = YES;
				CLANG_WARN_DEPRECATED_OBJC_IMPLEMENTATIONS = YES;
				CLANG_WARN_DIRECT_OBJC_ISA_USAGE = YES_ERROR;
				CLANG_WARN_DOCUMENTATION_COMMENTS = YES;
				CLANG_WARN_EMPTY_BODY = YES;
				CLANG_WARN_ENUM_CONVERSION = YES;
				CLANG_WARN_INFINITE_RECURSION = YES;
				CLANG_WARN_INT_CONVERSION = YES;
				CLANG_WARN_NON_LITERAL_NULL_CONVERSION = YES;
				CLANG_WARN_OBJC_IMPLICIT_RETAIN_SELF = YES;
				CLANG_WARN_OBJC_LITERAL_CONVERSION = YES;
				CLANG_WARN_OBJC_ROOT_CLASS = YES_ERROR;
				CLANG_WARN_QUOTED_INCLUDE_IN_FRAMEWORK_HEADER = YES;
				CLANG_WARN_RANGE_LOOP_ANALYSIS = YES;
				CLANG_WARN_STRICT_PROTOTYPES = YES;
				CLANG_WARN_SUSPICIOUS_MOVE = YES;
				CLANG_WARN_UNGUARDED_AVAILABILITY = YES_AGGRESSIVE;
				CLANG_WARN_UNREACHABLE_CODE = YES;
				CLANG_WARN__DUPLICATE_METHOD_MATCH = YES;
				COPY_PHASE_STRIP = NO;
				DEBUG_INFORMATION_FORMAT = dwarf;
				ENABLE_STRICT_OBJC_MSGSEND = YES;
				ENABLE_TESTABILITY = YES;
				GCC_C_LANGUAGE_STANDARD = gnu11;
				GCC_DYNAMIC_NO_PIC = NO;
				GCC_NO_COMMON_BLOCKS = YES;
				GCC_OPTIMIZATION_LEVEL = 0;
				GCC_PREPROCESSOR_DEFINITIONS = (
					"DEBUG=1",
					"$(inherited)",
				);
				GCC_WARN_64_TO_32_BIT_CONVERSION = YES;
				GCC_WARN_ABOUT_RETURN_TYPE = YES_ERROR;
				GCC_WARN_UNDECLARED_SELECTOR = YES;
				GCC_WARN_UNINITIALIZED_AUTOS = YES_AGGRESSIVE;
				GCC_WARN_UNUSED_FUNCTION = YES;
				GCC_WARN_UNUSED_VARIABLE = YES;
				IPHONEOS_DEPLOYMENT_TARGET = 14.5;
				MTL_ENABLE_DEBUG_INFO = INCLUDE_SOURCE;
				MTL_FAST_MATH = YES;
				ONLY_ACTIVE_ARCH = YES;
				SDKROOT = iphoneos;
				SWIFT_ACTIVE_COMPILATION_CONDITIONS = DEBUG;
				SWIFT_OPTIMIZATION_LEVEL = "-Onone";
			};
			name = Debug;
		};
		F75F3C0A26AE655E008A1515 /* Release */ = {
			isa = XCBuildConfiguration;
			buildSettings = {
				ALWAYS_SEARCH_USER_PATHS = NO;
				CLANG_ANALYZER_NONNULL = YES;
				CLANG_ANALYZER_NUMBER_OBJECT_CONVERSION = YES_AGGRESSIVE;
				CLANG_CXX_LANGUAGE_STANDARD = "gnu++14";
				CLANG_CXX_LIBRARY = "libc++";
				CLANG_ENABLE_MODULES = YES;
				CLANG_ENABLE_OBJC_ARC = YES;
				CLANG_ENABLE_OBJC_WEAK = YES;
				CLANG_WARN_BLOCK_CAPTURE_AUTORELEASING = YES;
				CLANG_WARN_BOOL_CONVERSION = YES;
				CLANG_WARN_COMMA = YES;
				CLANG_WARN_CONSTANT_CONVERSION = YES;
				CLANG_WARN_DEPRECATED_OBJC_IMPLEMENTATIONS = YES;
				CLANG_WARN_DIRECT_OBJC_ISA_USAGE = YES_ERROR;
				CLANG_WARN_DOCUMENTATION_COMMENTS = YES;
				CLANG_WARN_EMPTY_BODY = YES;
				CLANG_WARN_ENUM_CONVERSION = YES;
				CLANG_WARN_INFINITE_RECURSION = YES;
				CLANG_WARN_INT_CONVERSION = YES;
				CLANG_WARN_NON_LITERAL_NULL_CONVERSION = YES;
				CLANG_WARN_OBJC_IMPLICIT_RETAIN_SELF = YES;
				CLANG_WARN_OBJC_LITERAL_CONVERSION = YES;
				CLANG_WARN_OBJC_ROOT_CLASS = YES_ERROR;
				CLANG_WARN_QUOTED_INCLUDE_IN_FRAMEWORK_HEADER = YES;
				CLANG_WARN_RANGE_LOOP_ANALYSIS = YES;
				CLANG_WARN_STRICT_PROTOTYPES = YES;
				CLANG_WARN_SUSPICIOUS_MOVE = YES;
				CLANG_WARN_UNGUARDED_AVAILABILITY = YES_AGGRESSIVE;
				CLANG_WARN_UNREACHABLE_CODE = YES;
				CLANG_WARN__DUPLICATE_METHOD_MATCH = YES;
				COPY_PHASE_STRIP = NO;
				DEBUG_INFORMATION_FORMAT = "dwarf-with-dsym";
				ENABLE_NS_ASSERTIONS = NO;
				ENABLE_STRICT_OBJC_MSGSEND = YES;
				GCC_C_LANGUAGE_STANDARD = gnu11;
				GCC_NO_COMMON_BLOCKS = YES;
				GCC_WARN_64_TO_32_BIT_CONVERSION = YES;
				GCC_WARN_ABOUT_RETURN_TYPE = YES_ERROR;
				GCC_WARN_UNDECLARED_SELECTOR = YES;
				GCC_WARN_UNINITIALIZED_AUTOS = YES_AGGRESSIVE;
				GCC_WARN_UNUSED_FUNCTION = YES;
				GCC_WARN_UNUSED_VARIABLE = YES;
				IPHONEOS_DEPLOYMENT_TARGET = 14.5;
				MTL_ENABLE_DEBUG_INFO = NO;
				MTL_FAST_MATH = YES;
				SDKROOT = iphoneos;
				SWIFT_COMPILATION_MODE = wholemodule;
				SWIFT_OPTIMIZATION_LEVEL = "-O";
				VALIDATE_PRODUCT = YES;
			};
			name = Release;
		};
		F75F3C0C26AE655E008A1515 /* Debug */ = {
			isa = XCBuildConfiguration;
			buildSettings = {
				ASSETCATALOG_COMPILER_APPICON_NAME = AppIcon;
				ASSETCATALOG_COMPILER_GLOBAL_ACCENT_COLOR_NAME = AccentColor;
				CODE_SIGN_STYLE = Automatic;
				DEVELOPMENT_TEAM = ZLVYAAYF7K;
				INFOPLIST_FILE = 0726_CollectionView_Image/Info.plist;
				LD_RUNPATH_SEARCH_PATHS = (
					"$(inherited)",
					"@executable_path/Frameworks",
				);
				PRODUCT_BUNDLE_IDENTIFIER = "com.swift.-726-CollectionView-Image";
				PRODUCT_NAME = "$(TARGET_NAME)";
				SWIFT_VERSION = 5.0;
				TARGETED_DEVICE_FAMILY = "1,2";
			};
			name = Debug;
		};
		F75F3C0D26AE655E008A1515 /* Release */ = {
			isa = XCBuildConfiguration;
			buildSettings = {
				ASSETCATALOG_COMPILER_APPICON_NAME = AppIcon;
				ASSETCATALOG_COMPILER_GLOBAL_ACCENT_COLOR_NAME = AccentColor;
				CODE_SIGN_STYLE = Automatic;
				DEVELOPMENT_TEAM = ZLVYAAYF7K;
				INFOPLIST_FILE = 0726_CollectionView_Image/Info.plist;
				LD_RUNPATH_SEARCH_PATHS = (
					"$(inherited)",
					"@executable_path/Frameworks",
				);
				PRODUCT_BUNDLE_IDENTIFIER = "com.swift.-726-CollectionView-Image";
				PRODUCT_NAME = "$(TARGET_NAME)";
				SWIFT_VERSION = 5.0;
				TARGETED_DEVICE_FAMILY = "1,2";
			};
			name = Release;
		};
/* End XCBuildConfiguration section */

/* Begin XCConfigurationList section */
		F75F3BF226AE655C008A1515 /* Build configuration list for PBXProject "0726_CollectionView_Image" */ = {
			isa = XCConfigurationList;
			buildConfigurations = (
				F75F3C0926AE655E008A1515 /* Debug */,
				F75F3C0A26AE655E008A1515 /* Release */,
			);
			defaultConfigurationIsVisible = 0;
			defaultConfigurationName = Release;
		};
		F75F3C0B26AE655E008A1515 /* Build configuration list for PBXNativeTarget "0726_CollectionView_Image" */ = {
			isa = XCConfigurationList;
			buildConfigurations = (
				F75F3C0C26AE655E008A1515 /* Debug */,
				F75F3C0D26AE655E008A1515 /* Release */,
			);
			defaultConfigurationIsVisible = 0;
			defaultConfigurationName = Release;
		};
/* End XCConfigurationList section */
	};
	rootObject = F75F3BEF26AE655C008A1515 /* Project object */;
}
