// !$*UTF8*$!
{
	archiveVersion = 1;
	classes = {
	};
	objectVersion = 50;
	objects = {

/* Begin PBXBuildFile section */
		F72EAC1526B10241005D56D4 /* AppDelegate.swift in Sources */ = {isa = PBXBuildFile; fileRef = F72EAC1426B10241005D56D4 /* AppDelegate.swift */; };
		F72EAC1726B10241005D56D4 /* SceneDelegate.swift in Sources */ = {isa = PBXBuildFile; fileRef = F72EAC1626B10241005D56D4 /* SceneDelegate.swift */; };
		F72EAC1C26B10241005D56D4 /* Main.storyboard in Resources */ = {isa = PBXBuildFile; fileRef = F72EAC1A26B10241005D56D4 /* Main.storyboard */; };
		F72EAC1E26B10243005D56D4 /* Assets.xcassets in Resources */ = {isa = PBXBuildFile; fileRef = F72EAC1D26B10243005D56D4 /* Assets.xcassets */; };
		F72EAC2126B10243005D56D4 /* LaunchScreen.storyboard in Resources */ = {isa = PBXBuildFile; fileRef = F72EAC1F26B10243005D56D4 /* LaunchScreen.storyboard */; };
		F72EAC2926B10429005D56D4 /* TableViewController.swift in Sources */ = {isa = PBXBuildFile; fileRef = F72EAC2826B10429005D56D4 /* TableViewController.swift */; };
		F72EAC2B26B10593005D56D4 /* TableViewCell.swift in Sources */ = {isa = PBXBuildFile; fileRef = F72EAC2A26B10593005D56D4 /* TableViewCell.swift */; };
		F72EAC2D26B106D2005D56D4 /* DBModel.swift in Sources */ = {isa = PBXBuildFile; fileRef = F72EAC2C26B106D2005D56D4 /* DBModel.swift */; };
		F72EAC2F26B1073E005D56D4 /* JsonModel.swift in Sources */ = {isa = PBXBuildFile; fileRef = F72EAC2E26B1073E005D56D4 /* JsonModel.swift */; };
/* End PBXBuildFile section */

/* Begin PBXFileReference section */
		F72EAC1126B10241005D56D4 /* 0728_ServerJSON02.app */ = {isa = PBXFileReference; explicitFileType = wrapper.application; includeInIndex = 0; path = 0728_ServerJSON02.app; sourceTree = BUILT_PRODUCTS_DIR; };
		F72EAC1426B10241005D56D4 /* AppDelegate.swift */ = {isa = PBXFileReference; lastKnownFileType = sourcecode.swift; path = AppDelegate.swift; sourceTree = "<group>"; };
		F72EAC1626B10241005D56D4 /* SceneDelegate.swift */ = {isa = PBXFileReference; lastKnownFileType = sourcecode.swift; path = SceneDelegate.swift; sourceTree = "<group>"; };
		F72EAC1B26B10241005D56D4 /* Base */ = {isa = PBXFileReference; lastKnownFileType = file.storyboard; name = Base; path = Base.lproj/Main.storyboard; sourceTree = "<group>"; };
		F72EAC1D26B10243005D56D4 /* Assets.xcassets */ = {isa = PBXFileReference; lastKnownFileType = folder.assetcatalog; path = Assets.xcassets; sourceTree = "<group>"; };
		F72EAC2026B10243005D56D4 /* Base */ = {isa = PBXFileReference; lastKnownFileType = file.storyboard; name = Base; path = Base.lproj/LaunchScreen.storyboard; sourceTree = "<group>"; };
		F72EAC2226B10243005D56D4 /* Info.plist */ = {isa = PBXFileReference; lastKnownFileType = text.plist.xml; path = Info.plist; sourceTree = "<group>"; };
		F72EAC2826B10429005D56D4 /* TableViewController.swift */ = {isa = PBXFileReference; lastKnownFileType = sourcecode.swift; path = TableViewController.swift; sourceTree = "<group>"; };
		F72EAC2A26B10593005D56D4 /* TableViewCell.swift */ = {isa = PBXFileReference; lastKnownFileType = sourcecode.swift; path = TableViewCell.swift; sourceTree = "<group>"; };
		F72EAC2C26B106D2005D56D4 /* DBModel.swift */ = {isa = PBXFileReference; lastKnownFileType = sourcecode.swift; path = DBModel.swift; sourceTree = "<group>"; };
		F72EAC2E26B1073E005D56D4 /* JsonModel.swift */ = {isa = PBXFileReference; lastKnownFileType = sourcecode.swift; path = JsonModel.swift; sourceTree = "<group>"; };
/* End PBXFileReference section */

/* Begin PBXFrameworksBuildPhase section */
		F72EAC0E26B10241005D56D4 /* Frameworks */ = {
			isa = PBXFrameworksBuildPhase;
			buildActionMask = 2147483647;
			files = (
			);
			runOnlyForDeploymentPostprocessing = 0;
		};
/* End PBXFrameworksBuildPhase section */

/* Begin PBXGroup section */
		F72EAC0826B10241005D56D4 = {
			isa = PBXGroup;
			children = (
				F72EAC1326B10241005D56D4 /* 0728_ServerJSON02 */,
				F72EAC1226B10241005D56D4 /* Products */,
			);
			sourceTree = "<group>";
		};
		F72EAC1226B10241005D56D4 /* Products */ = {
			isa = PBXGroup;
			children = (
				F72EAC1126B10241005D56D4 /* 0728_ServerJSON02.app */,
			);
			name = Products;
			sourceTree = "<group>";
		};
		F72EAC1326B10241005D56D4 /* 0728_ServerJSON02 */ = {
			isa = PBXGroup;
			children = (
				F72EAC1426B10241005D56D4 /* AppDelegate.swift */,
				F72EAC1626B10241005D56D4 /* SceneDelegate.swift */,
				F72EAC2826B10429005D56D4 /* TableViewController.swift */,
				F72EAC2A26B10593005D56D4 /* TableViewCell.swift */,
				F72EAC1A26B10241005D56D4 /* Main.storyboard */,
				F72EAC1D26B10243005D56D4 /* Assets.xcassets */,
				F72EAC1F26B10243005D56D4 /* LaunchScreen.storyboard */,
				F72EAC2226B10243005D56D4 /* Info.plist */,
				F72EAC2C26B106D2005D56D4 /* DBModel.swift */,
				F72EAC2E26B1073E005D56D4 /* JsonModel.swift */,
			);
			path = 0728_ServerJSON02;
			sourceTree = "<group>";
		};
/* End PBXGroup section */

/* Begin PBXNativeTarget section */
		F72EAC1026B10241005D56D4 /* 0728_ServerJSON02 */ = {
			isa = PBXNativeTarget;
			buildConfigurationList = F72EAC2526B10243005D56D4 /* Build configuration list for PBXNativeTarget "0728_ServerJSON02" */;
			buildPhases = (
				F72EAC0D26B10241005D56D4 /* Sources */,
				F72EAC0E26B10241005D56D4 /* Frameworks */,
				F72EAC0F26B10241005D56D4 /* Resources */,
			);
			buildRules = (
			);
			dependencies = (
			);
			name = 0728_ServerJSON02;
			productName = 0728_ServerJSON02;
			productReference = F72EAC1126B10241005D56D4 /* 0728_ServerJSON02.app */;
			productType = "com.apple.product-type.application";
		};
/* End PBXNativeTarget section */

/* Begin PBXProject section */
		F72EAC0926B10241005D56D4 /* Project object */ = {
			isa = PBXProject;
			attributes = {
				LastSwiftUpdateCheck = 1250;
				LastUpgradeCheck = 1250;
				TargetAttributes = {
					F72EAC1026B10241005D56D4 = {
						CreatedOnToolsVersion = 12.5.1;
					};
				};
			};
			buildConfigurationList = F72EAC0C26B10241005D56D4 /* Build configuration list for PBXProject "0728_ServerJSON02" */;
			compatibilityVersion = "Xcode 9.3";
			developmentRegion = en;
			hasScannedForEncodings = 0;
			knownRegions = (
				en,
				Base,
			);
			mainGroup = F72EAC0826B10241005D56D4;
			productRefGroup = F72EAC1226B10241005D56D4 /* Products */;
			projectDirPath = "";
			projectRoot = "";
			targets = (
				F72EAC1026B10241005D56D4 /* 0728_ServerJSON02 */,
			);
		};
/* End PBXProject section */

/* Begin PBXResourcesBuildPhase section */
		F72EAC0F26B10241005D56D4 /* Resources */ = {
			isa = PBXResourcesBuildPhase;
			buildActionMask = 2147483647;
			files = (
				F72EAC2126B10243005D56D4 /* LaunchScreen.storyboard in Resources */,
				F72EAC1E26B10243005D56D4 /* Assets.xcassets in Resources */,
				F72EAC1C26B10241005D56D4 /* Main.storyboard in Resources */,
			);
			runOnlyForDeploymentPostprocessing = 0;
		};
/* End PBXResourcesBuildPhase section */

/* Begin PBXSourcesBuildPhase section */
		F72EAC0D26B10241005D56D4 /* Sources */ = {
			isa = PBXSourcesBuildPhase;
			buildActionMask = 2147483647;
			files = (
				F72EAC2D26B106D2005D56D4 /* DBModel.swift in Sources */,
				F72EAC1526B10241005D56D4 /* AppDelegate.swift in Sources */,
				F72EAC2B26B10593005D56D4 /* TableViewCell.swift in Sources */,
				F72EAC2F26B1073E005D56D4 /* JsonModel.swift in Sources */,
				F72EAC2926B10429005D56D4 /* TableViewController.swift in Sources */,
				F72EAC1726B10241005D56D4 /* SceneDelegate.swift in Sources */,
			);
			runOnlyForDeploymentPostprocessing = 0;
		};
/* End PBXSourcesBuildPhase section */

/* Begin PBXVariantGroup section */
		F72EAC1A26B10241005D56D4 /* Main.storyboard */ = {
			isa = PBXVariantGroup;
			children = (
				F72EAC1B26B10241005D56D4 /* Base */,
			);
			name = Main.storyboard;
			sourceTree = "<group>";
		};
		F72EAC1F26B10243005D56D4 /* LaunchScreen.storyboard */ = {
			isa = PBXVariantGroup;
			children = (
				F72EAC2026B10243005D56D4 /* Base */,
			);
			name = LaunchScreen.storyboard;
			sourceTree = "<group>";
		};
/* End PBXVariantGroup section */

/* Begin XCBuildConfiguration section */
		F72EAC2326B10243005D56D4 /* Debug */ = {
			isa = XCBuildConfiguration;
			buildSettings = {
				ALWAYS_SEARCH_USER_PATHS = NO;
				CLANG_ANALYZER_NONNULL = YES;
				CLANG_ANALYZER_NUMBER_OBJECT_CONVERSION = YES_AGGRESSIVE;
				CLANG_CXX_LANGUAGE_STANDARD = "gnu++14";
				CLANG_CXX_LIBRARY = "libc++";
				CLANG_ENABLE_MODULES = YES;
				CLANG_ENABLE_OBJC_ARC = YES;
				CLANG_ENABLE_OBJC_WEAK = YES;
				CLANG_WARN_BLOCK_CAPTURE_AUTORELEASING = YES;
				CLANG_WARN_BOOL_CONVERSION = YES;
				CLANG_WARN_COMMA = YES;
				CLANG_WARN_CONSTANT_CONVERSION = YES;
				CLANG_WARN_DEPRECATED_OBJC_IMPLEMENTATIONS = YES;
				CLANG_WARN_DIRECT_OBJC_ISA_USAGE = YES_ERROR;
				CLANG_WARN_DOCUMENTATION_COMMENTS = YES;
				CLANG_WARN_EMPTY_BODY = YES;
				CLANG_WARN_ENUM_CONVERSION = YES;
				CLANG_WARN_INFINITE_RECURSION = YES;
				CLANG_WARN_INT_CONVERSION = YES;
				CLANG_WARN_NON_LITERAL_NULL_CONVERSION = YES;
				CLANG_WARN_OBJC_IMPLICIT_RETAIN_SELF = YES;
				CLANG_WARN_OBJC_LITERAL_CONVERSION = YES;
				CLANG_WARN_OBJC_ROOT_CLASS = YES_ERROR;
				CLANG_WARN_QUOTED_INCLUDE_IN_FRAMEWORK_HEADER = YES;
				CLANG_WARN_RANGE_LOOP_ANALYSIS = YES;
				CLANG_WARN_STRICT_PROTOTYPES = YES;
				CLANG_WARN_SUSPICIOUS_MOVE = YES;
				CLANG_WARN_UNGUARDED_AVAILABILITY = YES_AGGRESSIVE;
				CLANG_WARN_UNREACHABLE_CODE = YES;
				CLANG_WARN__DUPLICATE_METHOD_MATCH = YES;
				COPY_PHASE_STRIP = NO;
				DEBUG_INFORMATION_FORMAT = dwarf;
				ENABLE_STRICT_OBJC_MSGSEND = YES;
				ENABLE_TESTABILITY = YES;
				GCC_C_LANGUAGE_STANDARD = gnu11;
				GCC_DYNAMIC_NO_PIC = NO;
				GCC_NO_COMMON_BLOCKS = YES;
				GCC_OPTIMIZATION_LEVEL = 0;
				GCC_PREPROCESSOR_DEFINITIONS = (
					"DEBUG=1",
					"$(inherited)",
				);
				GCC_WARN_64_TO_32_BIT_CONVERSION = YES;
				GCC_WARN_ABOUT_RETURN_TYPE = YES_ERROR;
				GCC_WARN_UNDECLARED_SELECTOR = YES;
				GCC_WARN_UNINITIALIZED_AUTOS = YES_AGGRESSIVE;
				GCC_WARN_UNUSED_FUNCTION = YES;
				GCC_WARN_UNUSED_VARIABLE = YES;
				IPHONEOS_DEPLOYMENT_TARGET = 14.5;
				MTL_ENABLE_DEBUG_INFO = INCLUDE_SOURCE;
				MTL_FAST_MATH = YES;
				ONLY_ACTIVE_ARCH = YES;
				SDKROOT = iphoneos;
				SWIFT_ACTIVE_COMPILATION_CONDITIONS = DEBUG;
				SWIFT_OPTIMIZATION_LEVEL = "-Onone";
			};
			name = Debug;
		};
		F72EAC2426B10243005D56D4 /* Release */ = {
			isa = XCBuildConfiguration;
			buildSettings = {
				ALWAYS_SEARCH_USER_PATHS = NO;
				CLANG_ANALYZER_NONNULL = YES;
				CLANG_ANALYZER_NUMBER_OBJECT_CONVERSION = YES_AGGRESSIVE;
				CLANG_CXX_LANGUAGE_STANDARD = "gnu++14";
				CLANG_CXX_LIBRARY = "libc++";
				CLANG_ENABLE_MODULES = YES;
				CLANG_ENABLE_OBJC_ARC = YES;
				CLANG_ENABLE_OBJC_WEAK = YES;
				CLANG_WARN_BLOCK_CAPTURE_AUTORELEASING = YES;
				CLANG_WARN_BOOL_CONVERSION = YES;
				CLANG_WARN_COMMA = YES;
				CLANG_WARN_CONSTANT_CONVERSION = YES;
				CLANG_WARN_DEPRECATED_OBJC_IMPLEMENTATIONS = YES;
				CLANG_WARN_DIRECT_OBJC_ISA_USAGE = YES_ERROR;
				CLANG_WARN_DOCUMENTATION_COMMENTS = YES;
				CLANG_WARN_EMPTY_BODY = YES;
				CLANG_WARN_ENUM_CONVERSION = YES;
				CLANG_WARN_INFINITE_RECURSION = YES;
				CLANG_WARN_INT_CONVERSION = YES;
				CLANG_WARN_NON_LITERAL_NULL_CONVERSION = YES;
				CLANG_WARN_OBJC_IMPLICIT_RETAIN_SELF = YES;
				CLANG_WARN_OBJC_LITERAL_CONVERSION = YES;
				CLANG_WARN_OBJC_ROOT_CLASS = YES_ERROR;
				CLANG_WARN_QUOTED_INCLUDE_IN_FRAMEWORK_HEADER = YES;
				CLANG_WARN_RANGE_LOOP_ANALYSIS = YES;
				CLANG_WARN_STRICT_PROTOTYPES = YES;
				CLANG_WARN_SUSPICIOUS_MOVE = YES;
				CLANG_WARN_UNGUARDED_AVAILABILITY = YES_AGGRESSIVE;
				CLANG_WARN_UNREACHABLE_CODE = YES;
				CLANG_WARN__DUPLICATE_METHOD_MATCH = YES;
				COPY_PHASE_STRIP = NO;
				DEBUG_INFORMATION_FORMAT = "dwarf-with-dsym";
				ENABLE_NS_ASSERTIONS = NO;
				ENABLE_STRICT_OBJC_MSGSEND = YES;
				GCC_C_LANGUAGE_STANDARD = gnu11;
				GCC_NO_COMMON_BLOCKS = YES;
				GCC_WARN_64_TO_32_BIT_CONVERSION = YES;
				GCC_WARN_ABOUT_RETURN_TYPE = YES_ERROR;
				GCC_WARN_UNDECLARED_SELECTOR = YES;
				GCC_WARN_UNINITIALIZED_AUTOS = YES_AGGRESSIVE;
				GCC_WARN_UNUSED_FUNCTION = YES;
				GCC_WARN_UNUSED_VARIABLE = YES;
				IPHONEOS_DEPLOYMENT_TARGET = 14.5;
				MTL_ENABLE_DEBUG_INFO = NO;
				MTL_FAST_MATH = YES;
				SDKROOT = iphoneos;
				SWIFT_COMPILATION_MODE = wholemodule;
				SWIFT_OPTIMIZATION_LEVEL = "-O";
				VALIDATE_PRODUCT = YES;
			};
			name = Release;
		};
		F72EAC2626B10243005D56D4 /* Debug */ = {
			isa = XCBuildConfiguration;
			buildSettings = {
				ASSETCATALOG_COMPILER_APPICON_NAME = AppIcon;
				ASSETCATALOG_COMPILER_GLOBAL_ACCENT_COLOR_NAME = AccentColor;
				CODE_SIGN_STYLE = Automatic;
				DEVELOPMENT_TEAM = ZLVYAAYF7K;
				INFOPLIST_FILE = 0728_ServerJSON02/Info.plist;
				IPHONEOS_DEPLOYMENT_TARGET = 14.3;
				LD_RUNPATH_SEARCH_PATHS = (
					"$(inherited)",
					"@executable_path/Frameworks",
				);
				PRODUCT_BUNDLE_IDENTIFIER = "com.swift.-728-ServerJSON02";
				PRODUCT_NAME = "$(TARGET_NAME)";
				SWIFT_VERSION = 5.0;
				TARGETED_DEVICE_FAMILY = "1,2";
			};
			name = Debug;
		};
		F72EAC2726B10243005D56D4 /* Release */ = {
			isa = XCBuildConfiguration;
			buildSettings = {
				ASSETCATALOG_COMPILER_APPICON_NAME = AppIcon;
				ASSETCATALOG_COMPILER_GLOBAL_ACCENT_COLOR_NAME = AccentColor;
				CODE_SIGN_STYLE = Automatic;
				DEVELOPMENT_TEAM = ZLVYAAYF7K;
				INFOPLIST_FILE = 0728_ServerJSON02/Info.plist;
				IPHONEOS_DEPLOYMENT_TARGET = 14.3;
				LD_RUNPATH_SEARCH_PATHS = (
					"$(inherited)",
					"@executable_path/Frameworks",
				);
				PRODUCT_BUNDLE_IDENTIFIER = "com.swift.-728-ServerJSON02";
				PRODUCT_NAME = "$(TARGET_NAME)";
				SWIFT_VERSION = 5.0;
				TARGETED_DEVICE_FAMILY = "1,2";
			};
			name = Release;
		};
/* End XCBuildConfiguration section */

/* Begin XCConfigurationList section */
		F72EAC0C26B10241005D56D4 /* Build configuration list for PBXProject "0728_ServerJSON02" */ = {
			isa = XCConfigurationList;
			buildConfigurations = (
				F72EAC2326B10243005D56D4 /* Debug */,
				F72EAC2426B10243005D56D4 /* Release */,
			);
			defaultConfigurationIsVisible = 0;
			defaultConfigurationName = Release;
		};
		F72EAC2526B10243005D56D4 /* Build configuration list for PBXNativeTarget "0728_ServerJSON02" */ = {
			isa = XCConfigurationList;
			buildConfigurations = (
				F72EAC2626B10243005D56D4 /* Debug */,
				F72EAC2726B10243005D56D4 /* Release */,
			);
			defaultConfigurationIsVisible = 0;
			defaultConfigurationName = Release;
		};
/* End XCConfigurationList section */
	};
	rootObject = F72EAC0926B10241005D56D4 /* Project object */;
}
