// !$*UTF8*$!
{
	archiveVersion = 1;
	classes = {
	};
	objectVersion = 50;
	objects = {

/* Begin PBXBuildFile section */
		32B9DD9E26A54D1400D1EDD4 /* AppDelegate.swift in Sources */ = {isa = PBXBuildFile; fileRef = 32B9DD9D26A54D1400D1EDD4 /* AppDelegate.swift */; };
		32B9DDA026A54D1400D1EDD4 /* SceneDelegate.swift in Sources */ = {isa = PBXBuildFile; fileRef = 32B9DD9F26A54D1400D1EDD4 /* SceneDelegate.swift */; };
		32B9DDA226A54D1400D1EDD4 /* ViewController.swift in Sources */ = {isa = PBXBuildFile; fileRef = 32B9DDA126A54D1400D1EDD4 /* ViewController.swift */; };
		32B9DDA526A54D1400D1EDD4 /* Main.storyboard in Resources */ = {isa = PBXBuildFile; fileRef = 32B9DDA326A54D1400D1EDD4 /* Main.storyboard */; };
		32B9DDA726A54D1C00D1EDD4 /* Assets.xcassets in Resources */ = {isa = PBXBuildFile; fileRef = 32B9DDA626A54D1C00D1EDD4 /* Assets.xcassets */; };
		32B9DDAA26A54D1C00D1EDD4 /* LaunchScreen.storyboard in Resources */ = {isa = PBXBuildFile; fileRef = 32B9DDA826A54D1C00D1EDD4 /* LaunchScreen.storyboard */; };
/* End PBXBuildFile section */

/* Begin PBXFileReference section */
		32B9DD9A26A54D1400D1EDD4 /* 0719_SwitchLampOnOff.app */ = {isa = PBXFileReference; explicitFileType = wrapper.application; includeInIndex = 0; path = 0719_SwitchLampOnOff.app; sourceTree = BUILT_PRODUCTS_DIR; };
		32B9DD9D26A54D1400D1EDD4 /* AppDelegate.swift */ = {isa = PBXFileReference; lastKnownFileType = sourcecode.swift; path = AppDelegate.swift; sourceTree = "<group>"; };
		32B9DD9F26A54D1400D1EDD4 /* SceneDelegate.swift */ = {isa = PBXFileReference; lastKnownFileType = sourcecode.swift; path = SceneDelegate.swift; sourceTree = "<group>"; };
		32B9DDA126A54D1400D1EDD4 /* ViewController.swift */ = {isa = PBXFileReference; lastKnownFileType = sourcecode.swift; path = ViewController.swift; sourceTree = "<group>"; };
		32B9DDA426A54D1400D1EDD4 /* Base */ = {isa = PBXFileReference; lastKnownFileType = file.storyboard; name = Base; path = Base.lproj/Main.storyboard; sourceTree = "<group>"; };
		32B9DDA626A54D1C00D1EDD4 /* Assets.xcassets */ = {isa = PBXFileReference; lastKnownFileType = folder.assetcatalog; path = Assets.xcassets; sourceTree = "<group>"; };
		32B9DDA926A54D1C00D1EDD4 /* Base */ = {isa = PBXFileReference; lastKnownFileType = file.storyboard; name = Base; path = Base.lproj/LaunchScreen.storyboard; sourceTree = "<group>"; };
		32B9DDAB26A54D1C00D1EDD4 /* Info.plist */ = {isa = PBXFileReference; lastKnownFileType = text.plist.xml; path = Info.plist; sourceTree = "<group>"; };
/* End PBXFileReference section */

/* Begin PBXFrameworksBuildPhase section */
		32B9DD9726A54D1400D1EDD4 /* Frameworks */ = {
			isa = PBXFrameworksBuildPhase;
			buildActionMask = 2147483647;
			files = (
			);
			runOnlyForDeploymentPostprocessing = 0;
		};
/* End PBXFrameworksBuildPhase section */

/* Begin PBXGroup section */
		32B9DD9126A54D1400D1EDD4 = {
			isa = PBXGroup;
			children = (
				32B9DD9C26A54D1400D1EDD4 /* 0719_SwitchLampOnOff */,
				32B9DD9B26A54D1400D1EDD4 /* Products */,
			);
			sourceTree = "<group>";
		};
		32B9DD9B26A54D1400D1EDD4 /* Products */ = {
			isa = PBXGroup;
			children = (
				32B9DD9A26A54D1400D1EDD4 /* 0719_SwitchLampOnOff.app */,
			);
			name = Products;
			sourceTree = "<group>";
		};
		32B9DD9C26A54D1400D1EDD4 /* 0719_SwitchLampOnOff */ = {
			isa = PBXGroup;
			children = (
				32B9DD9D26A54D1400D1EDD4 /* AppDelegate.swift */,
				32B9DD9F26A54D1400D1EDD4 /* SceneDelegate.swift */,
				32B9DDA126A54D1400D1EDD4 /* ViewController.swift */,
				32B9DDA326A54D1400D1EDD4 /* Main.storyboard */,
				32B9DDA626A54D1C00D1EDD4 /* Assets.xcassets */,
				32B9DDA826A54D1C00D1EDD4 /* LaunchScreen.storyboard */,
				32B9DDAB26A54D1C00D1EDD4 /* Info.plist */,
			);
			path = 0719_SwitchLampOnOff;
			sourceTree = "<group>";
		};
/* End PBXGroup section */

/* Begin PBXNativeTarget section */
		32B9DD9926A54D1400D1EDD4 /* 0719_SwitchLampOnOff */ = {
			isa = PBXNativeTarget;
			buildConfigurationList = 32B9DDAE26A54D1C00D1EDD4 /* Build configuration list for PBXNativeTarget "0719_SwitchLampOnOff" */;
			buildPhases = (
				32B9DD9626A54D1400D1EDD4 /* Sources */,
				32B9DD9726A54D1400D1EDD4 /* Frameworks */,
				32B9DD9826A54D1400D1EDD4 /* Resources */,
			);
			buildRules = (
			);
			dependencies = (
			);
			name = 0719_SwitchLampOnOff;
			productName = 0719_SwitchLampOnOff;
			productReference = 32B9DD9A26A54D1400D1EDD4 /* 0719_SwitchLampOnOff.app */;
			productType = "com.apple.product-type.application";
		};
/* End PBXNativeTarget section */

/* Begin PBXProject section */
		32B9DD9226A54D1400D1EDD4 /* Project object */ = {
			isa = PBXProject;
			attributes = {
				LastSwiftUpdateCheck = 1240;
				LastUpgradeCheck = 1240;
				TargetAttributes = {
					32B9DD9926A54D1400D1EDD4 = {
						CreatedOnToolsVersion = 12.4;
					};
				};
			};
			buildConfigurationList = 32B9DD9526A54D1400D1EDD4 /* Build configuration list for PBXProject "0719_SwitchLampOnOff" */;
			compatibilityVersion = "Xcode 9.3";
			developmentRegion = en;
			hasScannedForEncodings = 0;
			knownRegions = (
				en,
				Base,
			);
			mainGroup = 32B9DD9126A54D1400D1EDD4;
			productRefGroup = 32B9DD9B26A54D1400D1EDD4 /* Products */;
			projectDirPath = "";
			projectRoot = "";
			targets = (
				32B9DD9926A54D1400D1EDD4 /* 0719_SwitchLampOnOff */,
			);
		};
/* End PBXProject section */

/* Begin PBXResourcesBuildPhase section */
		32B9DD9826A54D1400D1EDD4 /* Resources */ = {
			isa = PBXResourcesBuildPhase;
			buildActionMask = 2147483647;
			files = (
				32B9DDAA26A54D1C00D1EDD4 /* LaunchScreen.storyboard in Resources */,
				32B9DDA726A54D1C00D1EDD4 /* Assets.xcassets in Resources */,
				32B9DDA526A54D1400D1EDD4 /* Main.storyboard in Resources */,
			);
			runOnlyForDeploymentPostprocessing = 0;
		};
/* End PBXResourcesBuildPhase section */

/* Begin PBXSourcesBuildPhase section */
		32B9DD9626A54D1400D1EDD4 /* Sources */ = {
			isa = PBXSourcesBuildPhase;
			buildActionMask = 2147483647;
			files = (
				32B9DDA226A54D1400D1EDD4 /* ViewController.swift in Sources */,
				32B9DD9E26A54D1400D1EDD4 /* AppDelegate.swift in Sources */,
				32B9DDA026A54D1400D1EDD4 /* SceneDelegate.swift in Sources */,
			);
			runOnlyForDeploymentPostprocessing = 0;
		};
/* End PBXSourcesBuildPhase section */

/* Begin PBXVariantGroup section */
		32B9DDA326A54D1400D1EDD4 /* Main.storyboard */ = {
			isa = PBXVariantGroup;
			children = (
				32B9DDA426A54D1400D1EDD4 /* Base */,
			);
			name = Main.storyboard;
			sourceTree = "<group>";
		};
		32B9DDA826A54D1C00D1EDD4 /* LaunchScreen.storyboard */ = {
			isa = PBXVariantGroup;
			children = (
				32B9DDA926A54D1C00D1EDD4 /* Base */,
			);
			name = LaunchScreen.storyboard;
			sourceTree = "<group>";
		};
/* End PBXVariantGroup section */

/* Begin XCBuildConfiguration section */
		32B9DDAC26A54D1C00D1EDD4 /* Debug */ = {
			isa = XCBuildConfiguration;
			buildSettings = {
				ALWAYS_SEARCH_USER_PATHS = NO;
				CLANG_ANALYZER_NONNULL = YES;
				CLANG_ANALYZER_NUMBER_OBJECT_CONVERSION = YES_AGGRESSIVE;
				CLANG_CXX_LANGUAGE_STANDARD = "gnu++14";
				CLANG_CXX_LIBRARY = "libc++";
				CLANG_ENABLE_MODULES = YES;
				CLANG_ENABLE_OBJC_ARC = YES;
				CLANG_ENABLE_OBJC_WEAK = YES;
				CLANG_WARN_BLOCK_CAPTURE_AUTORELEASING = YES;
				CLANG_WARN_BOOL_CONVERSION = YES;
				CLANG_WARN_COMMA = YES;
				CLANG_WARN_CONSTANT_CONVERSION = YES;
				CLANG_WARN_DEPRECATED_OBJC_IMPLEMENTATIONS = YES;
				CLANG_WARN_DIRECT_OBJC_ISA_USAGE = YES_ERROR;
				CLANG_WARN_DOCUMENTATION_COMMENTS = YES;
				CLANG_WARN_EMPTY_BODY = YES;
				CLANG_WARN_ENUM_CONVERSION = YES;
				CLANG_WARN_INFINITE_RECURSION = YES;
				CLANG_WARN_INT_CONVERSION = YES;
				CLANG_WARN_NON_LITERAL_NULL_CONVERSION = YES;
				CLANG_WARN_OBJC_IMPLICIT_RETAIN_SELF = YES;
				CLANG_WARN_OBJC_LITERAL_CONVERSION = YES;
				CLANG_WARN_OBJC_ROOT_CLASS = YES_ERROR;
				CLANG_WARN_QUOTED_INCLUDE_IN_FRAMEWORK_HEADER = YES;
				CLANG_WARN_RANGE_LOOP_ANALYSIS = YES;
				CLANG_WARN_STRICT_PROTOTYPES = YES;
				CLANG_WARN_SUSPICIOUS_MOVE = YES;
				CLANG_WARN_UNGUARDED_AVAILABILITY = YES_AGGRESSIVE;
				CLANG_WARN_UNREACHABLE_CODE = YES;
				CLANG_WARN__DUPLICATE_METHOD_MATCH = YES;
				COPY_PHASE_STRIP = NO;
				DEBUG_INFORMATION_FORMAT = dwarf;
				ENABLE_STRICT_OBJC_MSGSEND = YES;
				ENABLE_TESTABILITY = YES;
				GCC_C_LANGUAGE_STANDARD = gnu11;
				GCC_DYNAMIC_NO_PIC = NO;
				GCC_NO_COMMON_BLOCKS = YES;
				GCC_OPTIMIZATION_LEVEL = 0;
				GCC_PREPROCESSOR_DEFINITIONS = (
					"DEBUG=1",
					"$(inherited)",
				);
				GCC_WARN_64_TO_32_BIT_CONVERSION = YES;
				GCC_WARN_ABOUT_RETURN_TYPE = YES_ERROR;
				GCC_WARN_UNDECLARED_SELECTOR = YES;
				GCC_WARN_UNINITIALIZED_AUTOS = YES_AGGRESSIVE;
				GCC_WARN_UNUSED_FUNCTION = YES;
				GCC_WARN_UNUSED_VARIABLE = YES;
				IPHONEOS_DEPLOYMENT_TARGET = 14.4;
				MTL_ENABLE_DEBUG_INFO = INCLUDE_SOURCE;
				MTL_FAST_MATH = YES;
				ONLY_ACTIVE_ARCH = YES;
				SDKROOT = iphoneos;
				SWIFT_ACTIVE_COMPILATION_CONDITIONS = DEBUG;
				SWIFT_OPTIMIZATION_LEVEL = "-Onone";
			};
			name = Debug;
		};
		32B9DDAD26A54D1C00D1EDD4 /* Release */ = {
			isa = XCBuildConfiguration;
			buildSettings = {
				ALWAYS_SEARCH_USER_PATHS = NO;
				CLANG_ANALYZER_NONNULL = YES;
				CLANG_ANALYZER_NUMBER_OBJECT_CONVERSION = YES_AGGRESSIVE;
				CLANG_CXX_LANGUAGE_STANDARD = "gnu++14";
				CLANG_CXX_LIBRARY = "libc++";
				CLANG_ENABLE_MODULES = YES;
				CLANG_ENABLE_OBJC_ARC = YES;
				CLANG_ENABLE_OBJC_WEAK = YES;
				CLANG_WARN_BLOCK_CAPTURE_AUTORELEASING = YES;
				CLANG_WARN_BOOL_CONVERSION = YES;
				CLANG_WARN_COMMA = YES;
				CLANG_WARN_CONSTANT_CONVERSION = YES;
				CLANG_WARN_DEPRECATED_OBJC_IMPLEMENTATIONS = YES;
				CLANG_WARN_DIRECT_OBJC_ISA_USAGE = YES_ERROR;
				CLANG_WARN_DOCUMENTATION_COMMENTS = YES;
				CLANG_WARN_EMPTY_BODY = YES;
				CLANG_WARN_ENUM_CONVERSION = YES;
				CLANG_WARN_INFINITE_RECURSION = YES;
				CLANG_WARN_INT_CONVERSION = YES;
				CLANG_WARN_NON_LITERAL_NULL_CONVERSION = YES;
				CLANG_WARN_OBJC_IMPLICIT_RETAIN_SELF = YES;
				CLANG_WARN_OBJC_LITERAL_CONVERSION = YES;
				CLANG_WARN_OBJC_ROOT_CLASS = YES_ERROR;
				CLANG_WARN_QUOTED_INCLUDE_IN_FRAMEWORK_HEADER = YES;
				CLANG_WARN_RANGE_LOOP_ANALYSIS = YES;
				CLANG_WARN_STRICT_PROTOTYPES = YES;
				CLANG_WARN_SUSPICIOUS_MOVE = YES;
				CLANG_WARN_UNGUARDED_AVAILABILITY = YES_AGGRESSIVE;
				CLANG_WARN_UNREACHABLE_CODE = YES;
				CLANG_WARN__DUPLICATE_METHOD_MATCH = YES;
				COPY_PHASE_STRIP = NO;
				DEBUG_INFORMATION_FORMAT = "dwarf-with-dsym";
				ENABLE_NS_ASSERTIONS = NO;
				ENABLE_STRICT_OBJC_MSGSEND = YES;
				GCC_C_LANGUAGE_STANDARD = gnu11;
				GCC_NO_COMMON_BLOCKS = YES;
				GCC_WARN_64_TO_32_BIT_CONVERSION = YES;
				GCC_WARN_ABOUT_RETURN_TYPE = YES_ERROR;
				GCC_WARN_UNDECLARED_SELECTOR = YES;
				GCC_WARN_UNINITIALIZED_AUTOS = YES_AGGRESSIVE;
				GCC_WARN_UNUSED_FUNCTION = YES;
				GCC_WARN_UNUSED_VARIABLE = YES;
				IPHONEOS_DEPLOYMENT_TARGET = 14.4;
				MTL_ENABLE_DEBUG_INFO = NO;
				MTL_FAST_MATH = YES;
				SDKROOT = iphoneos;
				SWIFT_COMPILATION_MODE = wholemodule;
				SWIFT_OPTIMIZATION_LEVEL = "-O";
				VALIDATE_PRODUCT = YES;
			};
			name = Release;
		};
		32B9DDAF26A54D1C00D1EDD4 /* Debug */ = {
			isa = XCBuildConfiguration;
			buildSettings = {
				ASSETCATALOG_COMPILER_APPICON_NAME = AppIcon;
				ASSETCATALOG_COMPILER_GLOBAL_ACCENT_COLOR_NAME = AccentColor;
				CODE_SIGN_STYLE = Automatic;
				INFOPLIST_FILE = 0719_SwitchLampOnOff/Info.plist;
				LD_RUNPATH_SEARCH_PATHS = (
					"$(inherited)",
					"@executable_path/Frameworks",
				);
				PRODUCT_BUNDLE_IDENTIFIER = "com.-719-SwitchLampOnOff";
				PRODUCT_NAME = "$(TARGET_NAME)";
				SWIFT_VERSION = 5.0;
				TARGETED_DEVICE_FAMILY = "1,2";
			};
			name = Debug;
		};
		32B9DDB026A54D1C00D1EDD4 /* Release */ = {
			isa = XCBuildConfiguration;
			buildSettings = {
				ASSETCATALOG_COMPILER_APPICON_NAME = AppIcon;
				ASSETCATALOG_COMPILER_GLOBAL_ACCENT_COLOR_NAME = AccentColor;
				CODE_SIGN_STYLE = Automatic;
				INFOPLIST_FILE = 0719_SwitchLampOnOff/Info.plist;
				LD_RUNPATH_SEARCH_PATHS = (
					"$(inherited)",
					"@executable_path/Frameworks",
				);
				PRODUCT_BUNDLE_IDENTIFIER = "com.-719-SwitchLampOnOff";
				PRODUCT_NAME = "$(TARGET_NAME)";
				SWIFT_VERSION = 5.0;
				TARGETED_DEVICE_FAMILY = "1,2";
			};
			name = Release;
		};
/* End XCBuildConfiguration section */

/* Begin XCConfigurationList section */
		32B9DD9526A54D1400D1EDD4 /* Build configuration list for PBXProject "0719_SwitchLampOnOff" */ = {
			isa = XCConfigurationList;
			buildConfigurations = (
				32B9DDAC26A54D1C00D1EDD4 /* Debug */,
				32B9DDAD26A54D1C00D1EDD4 /* Release */,
			);
			defaultConfigurationIsVisible = 0;
			defaultConfigurationName = Release;
		};
		32B9DDAE26A54D1C00D1EDD4 /* Build configuration list for PBXNativeTarget "0719_SwitchLampOnOff" */ = {
			isa = XCConfigurationList;
			buildConfigurations = (
				32B9DDAF26A54D1C00D1EDD4 /* Debug */,
				32B9DDB026A54D1C00D1EDD4 /* Release */,
			);
			defaultConfigurationIsVisible = 0;
			defaultConfigurationName = Release;
		};
/* End XCConfigurationList section */
	};
	rootObject = 32B9DD9226A54D1400D1EDD4 /* Project object */;
}
